
Microsoft Visual Studio Solution File, Format Version 12.00
# Visual Studio Version 16
VisualStudioVersion = 16.0.30011.22
MinimumVisualStudioVersion = 10.0.40219.1
Project("{888888A0-9F3D-457C-B088-3A5042F75D52}") = "Djikstra's Algorithm", "Djikstra's Algorithm\Djikstra's Algorithm.pyproj", "{8440D377-3B0E-4F62-9D2E-1FA283F7F1F6}"
EndProject
Global
	GlobalSection(SolutionConfigurationPlatforms) = preSolution
		Debug|Any CPU = Debug|Any CPU
		Release|Any CPU = Release|Any CPU
	EndGlobalSection
	GlobalSection(ProjectConfigurationPlatforms) = postSolution
		{8440D377-3B0E-4F62-9D2E-1FA283F7F1F6}.Debug|Any CPU.ActiveCfg = Debug|Any CPU
		{8440D377-3B0E-4F62-9D2E-1FA283F7F1F6}.Release|Any CPU.ActiveCfg = Release|Any CPU
	EndGlobalSection
	GlobalSection(SolutionProperties) = preSolution
		HideSolutionNode = FALSE
	EndGlobalSection
	GlobalSection(ExtensibilityGlobals) = postSolution
		SolutionGuid = {D0D924F1-F263-4482-A047-836E8240FA2A}
	EndGlobalSection
EndGlobal
